// !$*UTF8*$!
{
	archiveVersion = 1;
	classes = {
	};
	objectVersion = 46;
	objects = {

/* Begin PBXBuildFile section */
		6B535E521E48BABA00A19251 /* AppDelegate.swift in Sources */ = {isa = PBXBuildFile; fileRef = 6B535E511E48BABA00A19251 /* AppDelegate.swift */; };
		6B535E541E48BABA00A19251 /* ViewController.swift in Sources */ = {isa = PBXBuildFile; fileRef = 6B535E531E48BABA00A19251 /* ViewController.swift */; };
		6B535E571E48BABB00A19251 /* Main.storyboard in Resources */ = {isa = PBXBuildFile; fileRef = 6B535E551E48BABB00A19251 /* Main.storyboard */; };
		6B535E591E48BABB00A19251 /* Assets.xcassets in Resources */ = {isa = PBXBuildFile; fileRef = 6B535E581E48BABB00A19251 /* Assets.xcassets */; };
		6B535E5C1E48BABB00A19251 /* LaunchScreen.storyboard in Resources */ = {isa = PBXBuildFile; fileRef = 6B535E5A1E48BABB00A19251 /* LaunchScreen.storyboard */; };
		6B5E603E22072B8500D034B0 /* SASKit.framework in Frameworks */ = {isa = PBXBuildFile; fileRef = 6B5E603D22072B8500D034B0 /* SASKit.framework */; };
		6B5E603F22072B8500D034B0 /* SASKit.framework in Embed Frameworks */ = {isa = PBXBuildFile; fileRef = 6B5E603D22072B8500D034B0 /* SASKit.framework */; settings = {ATTRIBUTES = (CodeSignOnCopy, RemoveHeadersOnCopy, ); }; };
/* End PBXBuildFile section */

/* Begin PBXCopyFilesBuildPhase section */
		6BB1CCAE1E536EB2007DA8C9 /* Embed Frameworks */ = {
			isa = PBXCopyFilesBuildPhase;
			buildActionMask = 2147483647;
			dstPath = "";
			dstSubfolderSpec = 10;
			files = (
				6B5E603F22072B8500D034B0 /* SASKit.framework in Embed Frameworks */,
			);
			name = "Embed Frameworks";
			runOnlyForDeploymentPostprocessing = 0;
		};
/* End PBXCopyFilesBuildPhase section */

/* Begin PBXFileReference section */
		6B535E4E1E48BABA00A19251 /* SASKitFullscreen.app */ = {isa = PBXFileReference; explicitFileType = wrapper.application; includeInIndex = 0; path = SASKitFullscreen.app; sourceTree = BUILT_PRODUCTS_DIR; };
		6B535E511E48BABA00A19251 /* AppDelegate.swift */ = {isa = PBXFileReference; lastKnownFileType = sourcecode.swift; path = AppDelegate.swift; sourceTree = "<group>"; };
		6B535E531E48BABA00A19251 /* ViewController.swift */ = {isa = PBXFileReference; lastKnownFileType = sourcecode.swift; path = ViewController.swift; sourceTree = "<group>"; };
		6B535E561E48BABB00A19251 /* Base */ = {isa = PBXFileReference; lastKnownFileType = file.storyboard; name = Base; path = Base.lproj/Main.storyboard; sourceTree = "<group>"; };
		6B535E581E48BABB00A19251 /* Assets.xcassets */ = {isa = PBXFileReference; lastKnownFileType = folder.assetcatalog; path = Assets.xcassets; sourceTree = "<group>"; };
		6B535E5B1E48BABB00A19251 /* Base */ = {isa = PBXFileReference; lastKnownFileType = file.storyboard; name = Base; path = Base.lproj/LaunchScreen.storyboard; sourceTree = "<group>"; };
		6B535E5D1E48BABB00A19251 /* Info.plist */ = {isa = PBXFileReference; lastKnownFileType = text.plist.xml; path = Info.plist; sourceTree = "<group>"; };
		6B5E603D22072B8500D034B0 /* SASKit.framework */ = {isa = PBXFileReference; lastKnownFileType = wrapper.framework; name = SASKit.framework; path = ../install/SASKit.framework; sourceTree = "<group>"; };
/* End PBXFileReference section */

/* Begin PBXFrameworksBuildPhase section */
		6B535E4B1E48BABA00A19251 /* Frameworks */ = {
			isa = PBXFrameworksBuildPhase;
			buildActionMask = 2147483647;
			files = (
				6B5E603E22072B8500D034B0 /* SASKit.framework in Frameworks */,
			);
			runOnlyForDeploymentPostprocessing = 0;
		};
/* End PBXFrameworksBuildPhase section */

/* Begin PBXGroup section */
		6B535E451E48BABA00A19251 = {
			isa = PBXGroup;
			children = (
				6B5E603D22072B8500D034B0 /* SASKit.framework */,
				6B535E501E48BABA00A19251 /* SASKitFullscreen */,
				6B535E4F1E48BABA00A19251 /* Products */,
			);
			sourceTree = "<group>";
		};
		6B535E4F1E48BABA00A19251 /* Products */ = {
			isa = PBXGroup;
			children = (
				6B535E4E1E48BABA00A19251 /* SASKitFullscreen.app */,
			);
			name = Products;
			sourceTree = "<group>";
		};
		6B535E501E48BABA00A19251 /* SASKitFullscreen */ = {
			isa = PBXGroup;
			children = (
				6B535E511E48BABA00A19251 /* AppDelegate.swift */,
				6B535E531E48BABA00A19251 /* ViewController.swift */,
				6B535E551E48BABB00A19251 /* Main.storyboard */,
				6B535E581E48BABB00A19251 /* Assets.xcassets */,
				6B535E5A1E48BABB00A19251 /* LaunchScreen.storyboard */,
				6B535E5D1E48BABB00A19251 /* Info.plist */,
			);
			path = SASKitFullscreen;
			sourceTree = "<group>";
		};
/* End PBXGroup section */

/* Begin PBXNativeTarget section */
		6B535E4D1E48BABA00A19251 /* SASKitFullscreen */ = {
			isa = PBXNativeTarget;
			buildConfigurationList = 6B535E601E48BABB00A19251 /* Build configuration list for PBXNativeTarget "SASKitFullscreen" */;
			buildPhases = (
				6B535E4A1E48BABA00A19251 /* Sources */,
				6B535E4B1E48BABA00A19251 /* Frameworks */,
				6B535E4C1E48BABA00A19251 /* Resources */,
				6BB1CCAE1E536EB2007DA8C9 /* Embed Frameworks */,
			);
			buildRules = (
			);
			dependencies = (
			);
			name = SASKitFullscreen;
			productName = "SASBIKit-Sample-1";
			productReference = 6B535E4E1E48BABA00A19251 /* SASKitFullscreen.app */;
			productType = "com.apple.product-type.application";
		};
/* End PBXNativeTarget section */

/* Begin PBXProject section */
		6B535E461E48BABA00A19251 /* Project object */ = {
			isa = PBXProject;
			attributes = {
				LastSwiftUpdateCheck = 0820;
				LastUpgradeCheck = 1140;
				ORGANIZATIONNAME = "Rich Hogan";
				TargetAttributes = {
					6B535E4D1E48BABA00A19251 = {
						CreatedOnToolsVersion = 8.2.1;
						LastSwiftMigration = 1140;
						ProvisioningStyle = Manual;
					};
				};
			};
			buildConfigurationList = 6B535E491E48BABA00A19251 /* Build configuration list for PBXProject "SASKitFullscreen" */;
			compatibilityVersion = "Xcode 3.2";
			developmentRegion = en;
			hasScannedForEncodings = 0;
			knownRegions = (
				en,
				Base,
			);
			mainGroup = 6B535E451E48BABA00A19251;
			productRefGroup = 6B535E4F1E48BABA00A19251 /* Products */;
			projectDirPath = "";
			projectRoot = "";
			targets = (
				6B535E4D1E48BABA00A19251 /* SASKitFullscreen */,
			);
		};
/* End PBXProject section */

/* Begin PBXResourcesBuildPhase section */
		6B535E4C1E48BABA00A19251 /* Resources */ = {
			isa = PBXResourcesBuildPhase;
			buildActionMask = 2147483647;
			files = (
				6B535E5C1E48BABB00A19251 /* LaunchScreen.storyboard in Resources */,
				6B535E591E48BABB00A19251 /* Assets.xcassets in Resources */,
				6B535E571E48BABB00A19251 /* Main.storyboard in Resources */,
			);
			runOnlyForDeploymentPostprocessing = 0;
		};
/* End PBXResourcesBuildPhase section */

/* Begin PBXSourcesBuildPhase section */
		6B535E4A1E48BABA00A19251 /* Sources */ = {
			isa = PBXSourcesBuildPhase;
			buildActionMask = 2147483647;
			files = (
				6B535E541E48BABA00A19251 /* ViewController.swift in Sources */,
				6B535E521E48BABA00A19251 /* AppDelegate.swift in Sources */,
			);
			runOnlyForDeploymentPostprocessing = 0;
		};
/* End PBXSourcesBuildPhase section */

/* Begin PBXVariantGroup section */
		6B535E551E48BABB00A19251 /* Main.storyboard */ = {
			isa = PBXVariantGroup;
			children = (
				6B535E561E48BABB00A19251 /* Base */,
			);
			name = Main.storyboard;
			sourceTree = "<group>";
		};
		6B535E5A1E48BABB00A19251 /* LaunchScreen.storyboard */ = {
			isa = PBXVariantGroup;
			children = (
				6B535E5B1E48BABB00A19251 /* Base */,
			);
			name = LaunchScreen.storyboard;
			sourceTree = "<group>";
		};
/* End PBXVariantGroup section */

/* Begin XCBuildConfiguration section */
		6B535E5E1E48BABB00A19251 /* Debug */ = {
			isa = XCBuildConfiguration;
			buildSettings = {
				ALWAYS_SEARCH_USER_PATHS = NO;
				CLANG_ANALYZER_LOCALIZABILITY_NONLOCALIZED = YES;
				CLANG_ANALYZER_NONNULL = YES;
				CLANG_CXX_LANGUAGE_STANDARD = "gnu++0x";
				CLANG_CXX_LIBRARY = "libc++";
				CLANG_ENABLE_MODULES = YES;
				CLANG_ENABLE_OBJC_ARC = YES;
				CLANG_WARN_BLOCK_CAPTURE_AUTORELEASING = YES;
				CLANG_WARN_BOOL_CONVERSION = YES;
				CLANG_WARN_COMMA = YES;
				CLANG_WARN_CONSTANT_CONVERSION = YES;
				CLANG_WARN_DEPRECATED_OBJC_IMPLEMENTATIONS = YES;
				CLANG_WARN_DIRECT_OBJC_ISA_USAGE = YES_ERROR;
				CLANG_WARN_DOCUMENTATION_COMMENTS = YES;
				CLANG_WARN_EMPTY_BODY = YES;
				CLANG_WARN_ENUM_CONVERSION = YES;
				CLANG_WARN_INFINITE_RECURSION = YES;
				CLANG_WARN_INT_CONVERSION = YES;
				CLANG_WARN_NON_LITERAL_NULL_CONVERSION = YES;
				CLANG_WARN_OBJC_IMPLICIT_RETAIN_SELF = YES;
				CLANG_WARN_OBJC_LITERAL_CONVERSION = YES;
				CLANG_WARN_OBJC_ROOT_CLASS = YES_ERROR;
				CLANG_WARN_RANGE_LOOP_ANALYSIS = YES;
				CLANG_WARN_STRICT_PROTOTYPES = YES;
				CLANG_WARN_SUSPICIOUS_MOVE = YES;
				CLANG_WARN_UNREACHABLE_CODE = YES;
				CLANG_WARN__DUPLICATE_METHOD_MATCH = YES;
				"CODE_SIGN_IDENTITY[sdk=iphoneos*]" = "iPhone Developer";
				COPY_PHASE_STRIP = NO;
				DEBUG_INFORMATION_FORMAT = dwarf;
				ENABLE_STRICT_OBJC_MSGSEND = YES;
				ENABLE_TESTABILITY = YES;
				GCC_C_LANGUAGE_STANDARD = gnu99;
				GCC_DYNAMIC_NO_PIC = NO;
				GCC_NO_COMMON_BLOCKS = YES;
				GCC_OPTIMIZATION_LEVEL = 0;
				GCC_PREPROCESSOR_DEFINITIONS = (
					"DEBUG=1",
					"$(inherited)",
				);
				GCC_WARN_64_TO_32_BIT_CONVERSION = YES;
				GCC_WARN_ABOUT_RETURN_TYPE = YES_ERROR;
				GCC_WARN_UNDECLARED_SELECTOR = YES;
				GCC_WARN_UNINITIALIZED_AUTOS = YES_AGGRESSIVE;
				GCC_WARN_UNUSED_FUNCTION = YES;
				GCC_WARN_UNUSED_VARIABLE = YES;
				IPHONEOS_DEPLOYMENT_TARGET = 12.4;
				MTL_ENABLE_DEBUG_INFO = YES;
				ONLY_ACTIVE_ARCH = YES;
				SDKROOT = iphoneos;
				SWIFT_ACTIVE_COMPILATION_CONDITIONS = DEBUG;
				SWIFT_OPTIMIZATION_LEVEL = "-Onone";
				TARGETED_DEVICE_FAMILY = "1,2";
			};
			name = Debug;
		};
		6B535E5F1E48BABB00A19251 /* Release */ = {
			isa = XCBuildConfiguration;
			buildSettings = {
				ALWAYS_SEARCH_USER_PATHS = NO;
				CLANG_ANALYZER_LOCALIZABILITY_NONLOCALIZED = YES;
				CLANG_ANALYZER_NONNULL = YES;
				CLANG_CXX_LANGUAGE_STANDARD = "gnu++0x";
				CLANG_CXX_LIBRARY = "libc++";
				CLANG_ENABLE_MODULES = YES;
				CLANG_ENABLE_OBJC_ARC = YES;
				CLANG_WARN_BLOCK_CAPTURE_AUTORELEASING = YES;
				CLANG_WARN_BOOL_CONVERSION = YES;
				CLANG_WARN_COMMA = YES;
				CLANG_WARN_CONSTANT_CONVERSION = YES;
				CLANG_WARN_DEPRECATED_OBJC_IMPLEMENTATIONS = YES;
				CLANG_WARN_DIRECT_OBJC_ISA_USAGE = YES_ERROR;
				CLANG_WARN_DOCUMENTATION_COMMENTS = YES;
				CLANG_WARN_EMPTY_BODY = YES;
				CLANG_WARN_ENUM_CONVERSION = YES;
				CLANG_WARN_INFINITE_RECURSION = YES;
				CLANG_WARN_INT_CONVERSION = YES;
				CLANG_WARN_NON_LITERAL_NULL_CONVERSION = YES;
				CLANG_WARN_OBJC_IMPLICIT_RETAIN_SELF = YES;
				CLANG_WARN_OBJC_LITERAL_CONVERSION = YES;
				CLANG_WARN_OBJC_ROOT_CLASS = YES_ERROR;
				CLANG_WARN_RANGE_LOOP_ANALYSIS = YES;
				CLANG_WARN_STRICT_PROTOTYPES = YES;
				CLANG_WARN_SUSPICIOUS_MOVE = YES;
				CLANG_WARN_UNREACHABLE_CODE = YES;
				CLANG_WARN__DUPLICATE_METHOD_MATCH = YES;
				"CODE_SIGN_IDENTITY[sdk=iphoneos*]" = "iPhone Developer";
				COPY_PHASE_STRIP = NO;
				DEBUG_INFORMATION_FORMAT = "dwarf-with-dsym";
				ENABLE_NS_ASSERTIONS = NO;
				ENABLE_STRICT_OBJC_MSGSEND = YES;
				GCC_C_LANGUAGE_STANDARD = gnu99;
				GCC_NO_COMMON_BLOCKS = YES;
				GCC_WARN_64_TO_32_BIT_CONVERSION = YES;
				GCC_WARN_ABOUT_RETURN_TYPE = YES_ERROR;
				GCC_WARN_UNDECLARED_SELECTOR = YES;
				GCC_WARN_UNINITIALIZED_AUTOS = YES_AGGRESSIVE;
				GCC_WARN_UNUSED_FUNCTION = YES;
				GCC_WARN_UNUSED_VARIABLE = YES;
				IPHONEOS_DEPLOYMENT_TARGET = 12.4;
				MTL_ENABLE_DEBUG_INFO = NO;
				SDKROOT = iphoneos;
				SWIFT_OPTIMIZATION_LEVEL = "-Owholemodule";
				TARGETED_DEVICE_FAMILY = "1,2";
				VALIDATE_PRODUCT = YES;
			};
			name = Release;
		};
		6B535E611E48BABB00A19251 /* Debug */ = {
			isa = XCBuildConfiguration;
			buildSettings = {
				ASSETCATALOG_COMPILER_APPICON_NAME = AppIcon;
				CODE_SIGN_STYLE = Manual;
				DEVELOPMENT_TEAM = "";
				ENABLE_BITCODE = NO;
				FRAMEWORK_SEARCH_PATHS = (
					"$(inherited)",
					"$(PROJECT_DIR)",
					"$(PROJECT_DIR)/../install",
				);
				INFOPLIST_FILE = SASKitFullscreen/Info.plist;
				IPHONEOS_DEPLOYMENT_TARGET = 12.4;
				LD_RUNPATH_SEARCH_PATHS = "$(inherited) @executable_path/Frameworks";
				PRODUCT_BUNDLE_IDENTIFIER = "com.your-domain.SASKitFullscreen";
				PRODUCT_NAME = "$(TARGET_NAME)";
				PROVISIONING_PROFILE_SPECIFIER = "";
				SWIFT_SWIFT3_OBJC_INFERENCE = Default;
				SWIFT_VERSION = 5.0;
			};
			name = Debug;
		};
		6B535E621E48BABB00A19251 /* Release */ = {
			isa = XCBuildConfiguration;
			buildSettings = {
				ASSETCATALOG_COMPILER_APPICON_NAME = AppIcon;
				CODE_SIGN_STYLE = Manual;
				DEVELOPMENT_TEAM = "";
				ENABLE_BITCODE = NO;
				FRAMEWORK_SEARCH_PATHS = (
					"$(inherited)",
					"$(PROJECT_DIR)",
					"$(PROJECT_DIR)/../install",
				);
				INFOPLIST_FILE = SASKitFullscreen/Info.plist;
				IPHONEOS_DEPLOYMENT_TARGET = 12.4;
				LD_RUNPATH_SEARCH_PATHS = "$(inherited) @executable_path/Frameworks";
				PRODUCT_BUNDLE_IDENTIFIER = "com.your-domain.SASKitFullscreen";
				PRODUCT_NAME = "$(TARGET_NAME)";
				PROVISIONING_PROFILE_SPECIFIER = "";
				SWIFT_SWIFT3_OBJC_INFERENCE = Default;
				SWIFT_VERSION = 5.0;
			};
			name = Release;
		};
/* End XCBuildConfiguration section */

/* Begin XCConfigurationList section */
		6B535E491E48BABA00A19251 /* Build configuration list for PBXProject "SASKitFullscreen" */ = {
			isa = XCConfigurationList;
			buildConfigurations = (
				6B535E5E1E48BABB00A19251 /* Debug */,
				6B535E5F1E48BABB00A19251 /* Release */,
			);
			defaultConfigurationIsVisible = 0;
			defaultConfigurationName = Release;
		};
		6B535E601E48BABB00A19251 /* Build configuration list for PBXNativeTarget "SASKitFullscreen" */ = {
			isa = XCConfigurationList;
			buildConfigurations = (
				6B535E611E48BABB00A19251 /* Debug */,
				6B535E621E48BABB00A19251 /* Release */,
			);
			defaultConfigurationIsVisible = 0;
			defaultConfigurationName = Release;
		};
/* End XCConfigurationList section */
	};
	rootObject = 6B535E461E48BABA00A19251 /* Project object */;
}
